
Microsoft Visual Studio Solution File, Format Version 12.00
# Visual Studio Version 17
VisualStudioVersion = 17.8.34322.80
MinimumVisualStudioVersion = 10.0.40219.1
Project("{FAE04EC0-301F-11D3-BF4B-00C04F79EFBC}") = "Turbine Empire", "Turbine Empire.csproj", "{88532855-60D4-4141-95DF-164FF1D3BECD}"
EndProject
Global
	GlobalSection(SolutionConfigurationPlatforms) = preSolution
		Debug|x64 = Debug|x64
	EndGlobalSection
	GlobalSection(ProjectConfigurationPlatforms) = postSolution
		{88532855-60D4-4141-95DF-164FF1D3BECD}.Debug|x64.ActiveCfg = Debug|x64
		{88532855-60D4-4141-95DF-164FF1D3BECD}.Debug|x64.Build.0 = Debug|x64
	EndGlobalSection
	GlobalSection(SolutionProperties) = preSolution
		HideSolutionNode = FALSE
	EndGlobalSection
	GlobalSection(ExtensibilityGlobals) = postSolution
		SolutionGuid = {DDC4B2CE-274B-43E7-87C8-FA12062D77F0}
	EndGlobalSection
EndGlobal
