
Microsoft Visual Studio Solution File, Format Version 12.00
# Visual Studio Version 17
VisualStudioVersion = 17.8.34322.80
MinimumVisualStudioVersion = 10.0.40219.1
Project("{FAE04EC0-301F-11D3-BF4B-00C04F79EFBC}") = "Turbine Empire", "Turbine Empire.csproj", "{88532855-60D4-4141-95DF-164FF1D3BECD}"
EndProject
Project("{FAE04EC0-301F-11D3-BF4B-00C04F79EFBC}") = "Cargo View", "..\Cargo View\Cargo View.csproj", "{B090BF2D-D1EB-4D3F-AC20-8182C0F29645}"
EndProject
Project("{FAE04EC0-301F-11D3-BF4B-00C04F79EFBC}") = "Docky", "..\Butler\Docky.csproj", "{0F246F5A-3A29-4E34-A2F4-291D974817EC}"
EndProject
Project("{FAE04EC0-301F-11D3-BF4B-00C04F79EFBC}") = "Airlock", "..\Airlock\Airlock.csproj", "{37124B48-90A6-4560-8FCB-EAACDAB0DE73}"
EndProject
Global
	GlobalSection(SolutionConfigurationPlatforms) = preSolution
		Debug|x64 = Debug|x64
	EndGlobalSection
	GlobalSection(ProjectConfigurationPlatforms) = postSolution
		{88532855-60D4-4141-95DF-164FF1D3BECD}.Debug|x64.ActiveCfg = Debug|x64
		{88532855-60D4-4141-95DF-164FF1D3BECD}.Debug|x64.Build.0 = Debug|x64
		{B090BF2D-D1EB-4D3F-AC20-8182C0F29645}.Debug|x64.ActiveCfg = Debug|x64
		{B090BF2D-D1EB-4D3F-AC20-8182C0F29645}.Debug|x64.Build.0 = Debug|x64
		{0F246F5A-3A29-4E34-A2F4-291D974817EC}.Debug|x64.ActiveCfg = Debug|x64
		{0F246F5A-3A29-4E34-A2F4-291D974817EC}.Debug|x64.Build.0 = Debug|x64
		{37124B48-90A6-4560-8FCB-EAACDAB0DE73}.Debug|x64.ActiveCfg = Debug|x64
		{37124B48-90A6-4560-8FCB-EAACDAB0DE73}.Debug|x64.Build.0 = Debug|x64
	EndGlobalSection
	GlobalSection(SolutionProperties) = preSolution
		HideSolutionNode = FALSE
	EndGlobalSection
	GlobalSection(ExtensibilityGlobals) = postSolution
		SolutionGuid = {DDC4B2CE-274B-43E7-87C8-FA12062D77F0}
	EndGlobalSection
EndGlobal
